
Microsoft Visual Studio Solution File, Format Version 12.00
# Visual Studio Version 17
VisualStudioVersion = 17.0.31903.59
MinimumVisualStudioVersion = 10.0.40219.1
Project("{FAE04EC0-301F-11D3-BF4B-00C04F79EFBC}") = "BingImageCreatorDotnet.Lib", "lib\BingImageCreatorDotnet.Lib.csproj", "{04D1E878-F9D2-4826-80A5-8038751AF330}"
EndProject
Project("{FAE04EC0-301F-11D3-BF4B-00C04F79EFBC}") = "BingImageCreatorDotnet.Cli", "cli\BingImageCreatorDotnet.Cli.csproj", "{F9ABA959-0884-4543-91BC-D943BB2ADA8D}"
EndProject
Project("{FAE04EC0-301F-11D3-BF4B-00C04F79EFBC}") = "BingImageCreatorDotnet.Tests", "tests\BingImageCreatorDotnet.Tests.csproj", "{459F4B77-DAE3-4BDE-B30F-83E55C630E66}"
EndProject
Global
	GlobalSection(SolutionConfigurationPlatforms) = preSolution
		Debug|Any CPU = Debug|Any CPU
		Release|Any CPU = Release|Any CPU
	EndGlobalSection
	GlobalSection(SolutionProperties) = preSolution
		HideSolutionNode = FALSE
	EndGlobalSection
	GlobalSection(ProjectConfigurationPlatforms) = postSolution
		{04D1E878-F9D2-4826-80A5-8038751AF330}.Debug|Any CPU.ActiveCfg = Debug|Any CPU
		{04D1E878-F9D2-4826-80A5-8038751AF330}.Debug|Any CPU.Build.0 = Debug|Any CPU
		{04D1E878-F9D2-4826-80A5-8038751AF330}.Release|Any CPU.ActiveCfg = Release|Any CPU
		{04D1E878-F9D2-4826-80A5-8038751AF330}.Release|Any CPU.Build.0 = Release|Any CPU
		{F9ABA959-0884-4543-91BC-D943BB2ADA8D}.Debug|Any CPU.ActiveCfg = Debug|Any CPU
		{F9ABA959-0884-4543-91BC-D943BB2ADA8D}.Debug|Any CPU.Build.0 = Debug|Any CPU
		{F9ABA959-0884-4543-91BC-D943BB2ADA8D}.Release|Any CPU.ActiveCfg = Release|Any CPU
		{F9ABA959-0884-4543-91BC-D943BB2ADA8D}.Release|Any CPU.Build.0 = Release|Any CPU
		{459F4B77-DAE3-4BDE-B30F-83E55C630E66}.Debug|Any CPU.ActiveCfg = Debug|Any CPU
		{459F4B77-DAE3-4BDE-B30F-83E55C630E66}.Debug|Any CPU.Build.0 = Debug|Any CPU
		{459F4B77-DAE3-4BDE-B30F-83E55C630E66}.Release|Any CPU.ActiveCfg = Release|Any CPU
		{459F4B77-DAE3-4BDE-B30F-83E55C630E66}.Release|Any CPU.Build.0 = Release|Any CPU
	EndGlobalSection
EndGlobal
